
Microsoft Visual Studio Solution File, Format Version 12.00
# Visual Studio 15
VisualStudioVersion = 15.0.28307.421
MinimumVisualStudioVersion = 10.0.40219.1
Project("{FAE04EC0-301F-11D3-BF4B-00C04F79EFBC}") = "Mota", "Mota\Mota.csproj", "{51CA5EB2-277D-40DC-9E9C-4B8297804EAB}"
EndProject
Project("{FAE04EC0-301F-11D3-BF4B-00C04F79EFBC}") = "Exercicio RSS", "Exercicio RSS\Exercicio RSS.csproj", "{9C8C3A17-8B40-4A7F-8A7B-A14D385FE628}"
EndProject
Global
	GlobalSection(SolutionConfigurationPlatforms) = preSolution
		Debug|Any CPU = Debug|Any CPU
		Release|Any CPU = Release|Any CPU
	EndGlobalSection
	GlobalSection(ProjectConfigurationPlatforms) = postSolution
		{51CA5EB2-277D-40DC-9E9C-4B8297804EAB}.Debug|Any CPU.ActiveCfg = Debug|Any CPU
		{51CA5EB2-277D-40DC-9E9C-4B8297804EAB}.Debug|Any CPU.Build.0 = Debug|Any CPU
		{51CA5EB2-277D-40DC-9E9C-4B8297804EAB}.Release|Any CPU.ActiveCfg = Release|Any CPU
		{51CA5EB2-277D-40DC-9E9C-4B8297804EAB}.Release|Any CPU.Build.0 = Release|Any CPU
		{9C8C3A17-8B40-4A7F-8A7B-A14D385FE628}.Debug|Any CPU.ActiveCfg = Debug|Any CPU
		{9C8C3A17-8B40-4A7F-8A7B-A14D385FE628}.Debug|Any CPU.Build.0 = Debug|Any CPU
		{9C8C3A17-8B40-4A7F-8A7B-A14D385FE628}.Release|Any CPU.ActiveCfg = Release|Any CPU
		{9C8C3A17-8B40-4A7F-8A7B-A14D385FE628}.Release|Any CPU.Build.0 = Release|Any CPU
	EndGlobalSection
	GlobalSection(SolutionProperties) = preSolution
		HideSolutionNode = FALSE
	EndGlobalSection
	GlobalSection(ExtensibilityGlobals) = postSolution
		SolutionGuid = {78032D8A-B149-4FED-834B-B736496EC06F}
	EndGlobalSection
EndGlobal
